// !$*UTF8*$!
{
	archiveVersion = 1;
	classes = {
	};
	objectVersion = 46;
	objects = {

/* Begin PBXBuildFile section */
		A007B6B41AA3E8880048A80E /* DadosViewController.m in Sources */ = {isa = PBXBuildFile; fileRef = A007B6B31AA3E8880048A80E /* DadosViewController.m */; };
		A01CF0E21AA2B3E200E1CE49 /* main.m in Sources */ = {isa = PBXBuildFile; fileRef = A01CF0E11AA2B3E200E1CE49 /* main.m */; };
		A01CF0E51AA2B3E200E1CE49 /* AppDelegate.m in Sources */ = {isa = PBXBuildFile; fileRef = A01CF0E41AA2B3E200E1CE49 /* AppDelegate.m */; };
		A01CF0E81AA2B3E200E1CE49 /* ViewController.m in Sources */ = {isa = PBXBuildFile; fileRef = A01CF0E71AA2B3E200E1CE49 /* ViewController.m */; };
		A01CF0EB1AA2B3E200E1CE49 /* Main.storyboard in Resources */ = {isa = PBXBuildFile; fileRef = A01CF0E91AA2B3E200E1CE49 /* Main.storyboard */; };
		A01CF0ED1AA2B3E200E1CE49 /* Images.xcassets in Resources */ = {isa = PBXBuildFile; fileRef = A01CF0EC1AA2B3E200E1CE49 /* Images.xcassets */; };
		A01CF0F01AA2B3E200E1CE49 /* LaunchScreen.xib in Resources */ = {isa = PBXBuildFile; fileRef = A01CF0EE1AA2B3E200E1CE49 /* LaunchScreen.xib */; };
		A01CF0FC1AA2B3E200E1CE49 /* Jogo_da_VelhaTests.m in Sources */ = {isa = PBXBuildFile; fileRef = A01CF0FB1AA2B3E200E1CE49 /* Jogo_da_VelhaTests.m */; };
		A01CF10A1AA2B4B300E1CE49 /* logo.png in Resources */ = {isa = PBXBuildFile; fileRef = A01CF1071AA2B4B300E1CE49 /* logo.png */; };
/* End PBXBuildFile section */

/* Begin PBXContainerItemProxy section */
		A01CF0F61AA2B3E200E1CE49 /* PBXContainerItemProxy */ = {
			isa = PBXContainerItemProxy;
			containerPortal = A01CF0D41AA2B3E200E1CE49 /* Project object */;
			proxyType = 1;
			remoteGlobalIDString = A01CF0DB1AA2B3E200E1CE49;
			remoteInfo = "Jogo da Velha";
		};
/* End PBXContainerItemProxy section */

/* Begin PBXFileReference section */
		A007B6B21AA3E8880048A80E /* DadosViewController.h */ = {isa = PBXFileReference; fileEncoding = 4; lastKnownFileType = sourcecode.c.h; path = DadosViewController.h; sourceTree = "<group>"; };
		A007B6B31AA3E8880048A80E /* DadosViewController.m */ = {isa = PBXFileReference; fileEncoding = 4; lastKnownFileType = sourcecode.c.objc; path = DadosViewController.m; sourceTree = "<group>"; };
		A01CF0DC1AA2B3E200E1CE49 /* Jogo da Velha.app */ = {isa = PBXFileReference; explicitFileType = wrapper.application; includeInIndex = 0; path = "Jogo da Velha.app"; sourceTree = BUILT_PRODUCTS_DIR; };
		A01CF0E01AA2B3E200E1CE49 /* Info.plist */ = {isa = PBXFileReference; lastKnownFileType = text.plist.xml; path = Info.plist; sourceTree = "<group>"; };
		A01CF0E11AA2B3E200E1CE49 /* main.m */ = {isa = PBXFileReference; lastKnownFileType = sourcecode.c.objc; path = main.m; sourceTree = "<group>"; };
		A01CF0E31AA2B3E200E1CE49 /* AppDelegate.h */ = {isa = PBXFileReference; lastKnownFileType = sourcecode.c.h; path = AppDelegate.h; sourceTree = "<group>"; };
		A01CF0E41AA2B3E200E1CE49 /* AppDelegate.m */ = {isa = PBXFileReference; lastKnownFileType = sourcecode.c.objc; path = AppDelegate.m; sourceTree = "<group>"; };
		A01CF0E61AA2B3E200E1CE49 /* ViewController.h */ = {isa = PBXFileReference; lastKnownFileType = sourcecode.c.h; path = ViewController.h; sourceTree = "<group>"; };
		A01CF0E71AA2B3E200E1CE49 /* ViewController.m */ = {isa = PBXFileReference; lastKnownFileType = sourcecode.c.objc; path = ViewController.m; sourceTree = "<group>"; };
		A01CF0EA1AA2B3E200E1CE49 /* Base */ = {isa = PBXFileReference; lastKnownFileType = file.storyboard; name = Base; path = Base.lproj/Main.storyboard; sourceTree = "<group>"; };
		A01CF0EC1AA2B3E200E1CE49 /* Images.xcassets */ = {isa = PBXFileReference; lastKnownFileType = folder.assetcatalog; path = Images.xcassets; sourceTree = "<group>"; };
		A01CF0EF1AA2B3E200E1CE49 /* Base */ = {isa = PBXFileReference; lastKnownFileType = file.xib; name = Base; path = Base.lproj/LaunchScreen.xib; sourceTree = "<group>"; };
		A01CF0F51AA2B3E200E1CE49 /* Jogo da VelhaTests.xctest */ = {isa = PBXFileReference; explicitFileType = wrapper.cfbundle; includeInIndex = 0; path = "Jogo da VelhaTests.xctest"; sourceTree = BUILT_PRODUCTS_DIR; };
		A01CF0FA1AA2B3E200E1CE49 /* Info.plist */ = {isa = PBXFileReference; lastKnownFileType = text.plist.xml; path = Info.plist; sourceTree = "<group>"; };
		A01CF0FB1AA2B3E200E1CE49 /* Jogo_da_VelhaTests.m */ = {isa = PBXFileReference; lastKnownFileType = sourcecode.c.objc; path = Jogo_da_VelhaTests.m; sourceTree = "<group>"; };
		A01CF1071AA2B4B300E1CE49 /* logo.png */ = {isa = PBXFileReference; lastKnownFileType = image.png; name = logo.png; path = "Jogo da Velha/Images.xcassets/logo.png"; sourceTree = "<group>"; };
/* End PBXFileReference section */

/* Begin PBXFrameworksBuildPhase section */
		A01CF0D91AA2B3E200E1CE49 /* Frameworks */ = {
			isa = PBXFrameworksBuildPhase;
			buildActionMask = 2147483647;
			files = (
			);
			runOnlyForDeploymentPostprocessing = 0;
		};
		A01CF0F21AA2B3E200E1CE49 /* Frameworks */ = {
			isa = PBXFrameworksBuildPhase;
			buildActionMask = 2147483647;
			files = (
			);
			runOnlyForDeploymentPostprocessing = 0;
		};
/* End PBXFrameworksBuildPhase section */

/* Begin PBXGroup section */
		A01CF0D31AA2B3E200E1CE49 = {
			isa = PBXGroup;
			children = (
				A01CF1071AA2B4B300E1CE49 /* logo.png */,
				A01CF0DE1AA2B3E200E1CE49 /* Jogo da Velha */,
				A01CF0F81AA2B3E200E1CE49 /* Jogo da VelhaTests */,
				A01CF0DD1AA2B3E200E1CE49 /* Products */,
			);
			sourceTree = "<group>";
		};
		A01CF0DD1AA2B3E200E1CE49 /* Products */ = {
			isa = PBXGroup;
			children = (
				A01CF0DC1AA2B3E200E1CE49 /* Jogo da Velha.app */,
				A01CF0F51AA2B3E200E1CE49 /* Jogo da VelhaTests.xctest */,
			);
			name = Products;
			sourceTree = "<group>";
		};
		A01CF0DE1AA2B3E200E1CE49 /* Jogo da Velha */ = {
			isa = PBXGroup;
			children = (
				A01CF0E31AA2B3E200E1CE49 /* AppDelegate.h */,
				A01CF0E41AA2B3E200E1CE49 /* AppDelegate.m */,
				A01CF0E61AA2B3E200E1CE49 /* ViewController.h */,
				A01CF0E71AA2B3E200E1CE49 /* ViewController.m */,
				A01CF0E91AA2B3E200E1CE49 /* Main.storyboard */,
				A01CF0EC1AA2B3E200E1CE49 /* Images.xcassets */,
				A007B6B21AA3E8880048A80E /* DadosViewController.h */,
				A007B6B31AA3E8880048A80E /* DadosViewController.m */,
				A01CF0EE1AA2B3E200E1CE49 /* LaunchScreen.xib */,
				A01CF0DF1AA2B3E200E1CE49 /* Supporting Files */,
			);
			path = "Jogo da Velha";
			sourceTree = "<group>";
		};
		A01CF0DF1AA2B3E200E1CE49 /* Supporting Files */ = {
			isa = PBXGroup;
			children = (
				A01CF0E01AA2B3E200E1CE49 /* Info.plist */,
				A01CF0E11AA2B3E200E1CE49 /* main.m */,
			);
			name = "Supporting Files";
			sourceTree = "<group>";
		};
		A01CF0F81AA2B3E200E1CE49 /* Jogo da VelhaTests */ = {
			isa = PBXGroup;
			children = (
				A01CF0FB1AA2B3E200E1CE49 /* Jogo_da_VelhaTests.m */,
				A01CF0F91AA2B3E200E1CE49 /* Supporting Files */,
			);
			path = "Jogo da VelhaTests";
			sourceTree = "<group>";
		};
		A01CF0F91AA2B3E200E1CE49 /* Supporting Files */ = {
			isa = PBXGroup;
			children = (
				A01CF0FA1AA2B3E200E1CE49 /* Info.plist */,
			);
			name = "Supporting Files";
			sourceTree = "<group>";
		};
/* End PBXGroup section */

/* Begin PBXNativeTarget section */
		A01CF0DB1AA2B3E200E1CE49 /* Jogo da Velha */ = {
			isa = PBXNativeTarget;
			buildConfigurationList = A01CF0FF1AA2B3E200E1CE49 /* Build configuration list for PBXNativeTarget "Jogo da Velha" */;
			buildPhases = (
				A01CF0D81AA2B3E200E1CE49 /* Sources */,
				A01CF0D91AA2B3E200E1CE49 /* Frameworks */,
				A01CF0DA1AA2B3E200E1CE49 /* Resources */,
			);
			buildRules = (
			);
			dependencies = (
			);
			name = "Jogo da Velha";
			productName = "Jogo da Velha";
			productReference = A01CF0DC1AA2B3E200E1CE49 /* Jogo da Velha.app */;
			productType = "com.apple.product-type.application";
		};
		A01CF0F41AA2B3E200E1CE49 /* Jogo da VelhaTests */ = {
			isa = PBXNativeTarget;
			buildConfigurationList = A01CF1021AA2B3E200E1CE49 /* Build configuration list for PBXNativeTarget "Jogo da VelhaTests" */;
			buildPhases = (
				A01CF0F11AA2B3E200E1CE49 /* Sources */,
				A01CF0F21AA2B3E200E1CE49 /* Frameworks */,
				A01CF0F31AA2B3E200E1CE49 /* Resources */,
			);
			buildRules = (
			);
			dependencies = (
				A01CF0F71AA2B3E200E1CE49 /* PBXTargetDependency */,
			);
			name = "Jogo da VelhaTests";
			productName = "Jogo da VelhaTests";
			productReference = A01CF0F51AA2B3E200E1CE49 /* Jogo da VelhaTests.xctest */;
			productType = "com.apple.product-type.bundle.unit-test";
		};
/* End PBXNativeTarget section */

/* Begin PBXProject section */
		A01CF0D41AA2B3E200E1CE49 /* Project object */ = {
			isa = PBXProject;
			attributes = {
				LastUpgradeCheck = 0610;
				ORGANIZATIONNAME = "Eduardo Santi";
				TargetAttributes = {
					A01CF0DB1AA2B3E200E1CE49 = {
						CreatedOnToolsVersion = 6.1.1;
					};
					A01CF0F41AA2B3E200E1CE49 = {
						CreatedOnToolsVersion = 6.1.1;
						TestTargetID = A01CF0DB1AA2B3E200E1CE49;
					};
				};
			};
			buildConfigurationList = A01CF0D71AA2B3E200E1CE49 /* Build configuration list for PBXProject "Jogo da Velha" */;
			compatibilityVersion = "Xcode 3.2";
			developmentRegion = English;
			hasScannedForEncodings = 0;
			knownRegions = (
				en,
				Base,
			);
			mainGroup = A01CF0D31AA2B3E200E1CE49;
			productRefGroup = A01CF0DD1AA2B3E200E1CE49 /* Products */;
			projectDirPath = "";
			projectRoot = "";
			targets = (
				A01CF0DB1AA2B3E200E1CE49 /* Jogo da Velha */,
				A01CF0F41AA2B3E200E1CE49 /* Jogo da VelhaTests */,
			);
		};
/* End PBXProject section */

/* Begin PBXResourcesBuildPhase section */
		A01CF0DA1AA2B3E200E1CE49 /* Resources */ = {
			isa = PBXResourcesBuildPhase;
			buildActionMask = 2147483647;
			files = (
				A01CF0EB1AA2B3E200E1CE49 /* Main.storyboard in Resources */,
				A01CF10A1AA2B4B300E1CE49 /* logo.png in Resources */,
				A01CF0F01AA2B3E200E1CE49 /* LaunchScreen.xib in Resources */,
				A01CF0ED1AA2B3E200E1CE49 /* Images.xcassets in Resources */,
			);
			runOnlyForDeploymentPostprocessing = 0;
		};
		A01CF0F31AA2B3E200E1CE49 /* Resources */ = {
			isa = PBXResourcesBuildPhase;
			buildActionMask = 2147483647;
			files = (
			);
			runOnlyForDeploymentPostprocessing = 0;
		};
/* End PBXResourcesBuildPhase section */

/* Begin PBXSourcesBuildPhase section */
		A01CF0D81AA2B3E200E1CE49 /* Sources */ = {
			isa = PBXSourcesBuildPhase;
			buildActionMask = 2147483647;
			files = (
				A01CF0E81AA2B3E200E1CE49 /* ViewController.m in Sources */,
				A01CF0E51AA2B3E200E1CE49 /* AppDelegate.m in Sources */,
				A007B6B41AA3E8880048A80E /* DadosViewController.m in Sources */,
				A01CF0E21AA2B3E200E1CE49 /* main.m in Sources */,
			);
			runOnlyForDeploymentPostprocessing = 0;
		};
		A01CF0F11AA2B3E200E1CE49 /* Sources */ = {
			isa = PBXSourcesBuildPhase;
			buildActionMask = 2147483647;
			files = (
				A01CF0FC1AA2B3E200E1CE49 /* Jogo_da_VelhaTests.m in Sources */,
			);
			runOnlyForDeploymentPostprocessing = 0;
		};
/* End PBXSourcesBuildPhase section */

/* Begin PBXTargetDependency section */
		A01CF0F71AA2B3E200E1CE49 /* PBXTargetDependency */ = {
			isa = PBXTargetDependency;
			target = A01CF0DB1AA2B3E200E1CE49 /* Jogo da Velha */;
			targetProxy = A01CF0F61AA2B3E200E1CE49 /* PBXContainerItemProxy */;
		};
/* End PBXTargetDependency section */

/* Begin PBXVariantGroup section */
		A01CF0E91AA2B3E200E1CE49 /* Main.storyboard */ = {
			isa = PBXVariantGroup;
			children = (
				A01CF0EA1AA2B3E200E1CE49 /* Base */,
			);
			name = Main.storyboard;
			sourceTree = "<group>";
		};
		A01CF0EE1AA2B3E200E1CE49 /* LaunchScreen.xib */ = {
			isa = PBXVariantGroup;
			children = (
				A01CF0EF1AA2B3E200E1CE49 /* Base */,
			);
			name = LaunchScreen.xib;
			sourceTree = "<group>";
		};
/* End PBXVariantGroup section */

/* Begin XCBuildConfiguration section */
		A01CF0FD1AA2B3E200E1CE49 /* Debug */ = {
			isa = XCBuildConfiguration;
			buildSettings = {
				ALWAYS_SEARCH_USER_PATHS = NO;
				CLANG_CXX_LANGUAGE_STANDARD = "gnu++0x";
				CLANG_CXX_LIBRARY = "libc++";
				CLANG_ENABLE_MODULES = YES;
				CLANG_ENABLE_OBJC_ARC = YES;
				CLANG_WARN_BOOL_CONVERSION = YES;
				CLANG_WARN_CONSTANT_CONVERSION = YES;
				CLANG_WARN_DIRECT_OBJC_ISA_USAGE = YES_ERROR;
				CLANG_WARN_EMPTY_BODY = YES;
				CLANG_WARN_ENUM_CONVERSION = YES;
				CLANG_WARN_INT_CONVERSION = YES;
				CLANG_WARN_OBJC_ROOT_CLASS = YES_ERROR;
				CLANG_WARN_UNREACHABLE_CODE = YES;
				CLANG_WARN__DUPLICATE_METHOD_MATCH = YES;
				"CODE_SIGN_IDENTITY[sdk=iphoneos*]" = "iPhone Developer";
				COPY_PHASE_STRIP = NO;
				ENABLE_STRICT_OBJC_MSGSEND = YES;
				GCC_C_LANGUAGE_STANDARD = gnu99;
				GCC_DYNAMIC_NO_PIC = NO;
				GCC_OPTIMIZATION_LEVEL = 0;
				GCC_PREPROCESSOR_DEFINITIONS = (
					"DEBUG=1",
					"$(inherited)",
				);
				GCC_SYMBOLS_PRIVATE_EXTERN = NO;
				GCC_WARN_64_TO_32_BIT_CONVERSION = YES;
				GCC_WARN_ABOUT_RETURN_TYPE = YES_ERROR;
				GCC_WARN_UNDECLARED_SELECTOR = YES;
				GCC_WARN_UNINITIALIZED_AUTOS = YES_AGGRESSIVE;
				GCC_WARN_UNUSED_FUNCTION = YES;
				GCC_WARN_UNUSED_VARIABLE = YES;
				IPHONEOS_DEPLOYMENT_TARGET = 8.1;
				MTL_ENABLE_DEBUG_INFO = YES;
				ONLY_ACTIVE_ARCH = YES;
				SDKROOT = iphoneos;
			};
			name = Debug;
		};
		A01CF0FE1AA2B3E200E1CE49 /* Release */ = {
			isa = XCBuildConfiguration;
			buildSettings = {
				ALWAYS_SEARCH_USER_PATHS = NO;
				CLANG_CXX_LANGUAGE_STANDARD = "gnu++0x";
				CLANG_CXX_LIBRARY = "libc++";
				CLANG_ENABLE_MODULES = YES;
				CLANG_ENABLE_OBJC_ARC = YES;
				CLANG_WARN_BOOL_CONVERSION = YES;
				CLANG_WARN_CONSTANT_CONVERSION = YES;
				CLANG_WARN_DIRECT_OBJC_ISA_USAGE = YES_ERROR;
				CLANG_WARN_EMPTY_BODY = YES;
				CLANG_WARN_ENUM_CONVERSION = YES;
				CLANG_WARN_INT_CONVERSION = YES;
				CLANG_WARN_OBJC_ROOT_CLASS = YES_ERROR;
				CLANG_WARN_UNREACHABLE_CODE = YES;
				CLANG_WARN__DUPLICATE_METHOD_MATCH = YES;
				"CODE_SIGN_IDENTITY[sdk=iphoneos*]" = "iPhone Developer";
				COPY_PHASE_STRIP = YES;
				ENABLE_NS_ASSERTIONS = NO;
				ENABLE_STRICT_OBJC_MSGSEND = YES;
				GCC_C_LANGUAGE_STANDARD = gnu99;
				GCC_WARN_64_TO_32_BIT_CONVERSION = YES;
				GCC_WARN_ABOUT_RETURN_TYPE = YES_ERROR;
				GCC_WARN_UNDECLARED_SELECTOR = YES;
				GCC_WARN_UNINITIALIZED_AUTOS = YES_AGGRESSIVE;
				GCC_WARN_UNUSED_FUNCTION = YES;
				GCC_WARN_UNUSED_VARIABLE = YES;
				IPHONEOS_DEPLOYMENT_TARGET = 8.1;
				MTL_ENABLE_DEBUG_INFO = NO;
				SDKROOT = iphoneos;
				VALIDATE_PRODUCT = YES;
			};
			name = Release;
		};
		A01CF1001AA2B3E200E1CE49 /* Debug */ = {
			isa = XCBuildConfiguration;
			buildSettings = {
				ASSETCATALOG_COMPILER_APPICON_NAME = AppIcon;
				INFOPLIST_FILE = "Jogo da Velha/Info.plist";
				LD_RUNPATH_SEARCH_PATHS = "$(inherited) @executable_path/Frameworks";
				PRODUCT_NAME = "$(TARGET_NAME)";
			};
			name = Debug;
		};
		A01CF1011AA2B3E200E1CE49 /* Release */ = {
			isa = XCBuildConfiguration;
			buildSettings = {
				ASSETCATALOG_COMPILER_APPICON_NAME = AppIcon;
				INFOPLIST_FILE = "Jogo da Velha/Info.plist";
				LD_RUNPATH_SEARCH_PATHS = "$(inherited) @executable_path/Frameworks";
				PRODUCT_NAME = "$(TARGET_NAME)";
			};
			name = Release;
		};
		A01CF1031AA2B3E200E1CE49 /* Debug */ = {
			isa = XCBuildConfiguration;
			buildSettings = {
				BUNDLE_LOADER = "$(TEST_HOST)";
				FRAMEWORK_SEARCH_PATHS = (
					"$(SDKROOT)/Developer/Library/Frameworks",
					"$(inherited)",
				);
				GCC_PREPROCESSOR_DEFINITIONS = (
					"DEBUG=1",
					"$(inherited)",
				);
				INFOPLIST_FILE = "Jogo da VelhaTests/Info.plist";
				LD_RUNPATH_SEARCH_PATHS = "$(inherited) @executable_path/Frameworks @loader_path/Frameworks";
				PRODUCT_NAME = "$(TARGET_NAME)";
				TEST_HOST = "$(BUILT_PRODUCTS_DIR)/Jogo da Velha.app/Jogo da Velha";
			};
			name = Debug;
		};
		A01CF1041AA2B3E200E1CE49 /* Release */ = {
			isa = XCBuildConfiguration;
			buildSettings = {
				BUNDLE_LOADER = "$(TEST_HOST)";
				FRAMEWORK_SEARCH_PATHS = (
					"$(SDKROOT)/Developer/Library/Frameworks",
					"$(inherited)",
				);
				INFOPLIST_FILE = "Jogo da VelhaTests/Info.plist";
				LD_RUNPATH_SEARCH_PATHS = "$(inherited) @executable_path/Frameworks @loader_path/Frameworks";
				PRODUCT_NAME = "$(TARGET_NAME)";
				TEST_HOST = "$(BUILT_PRODUCTS_DIR)/Jogo da Velha.app/Jogo da Velha";
			};
			name = Release;
		};
/* End XCBuildConfiguration section */

/* Begin XCConfigurationList section */
		A01CF0D71AA2B3E200E1CE49 /* Build configuration list for PBXProject "Jogo da Velha" */ = {
			isa = XCConfigurationList;
			buildConfigurations = (
				A01CF0FD1AA2B3E200E1CE49 /* Debug */,
				A01CF0FE1AA2B3E200E1CE49 /* Release */,
			);
			defaultConfigurationIsVisible = 0;
			defaultConfigurationName = Release;
		};
		A01CF0FF1AA2B3E200E1CE49 /* Build configuration list for PBXNativeTarget "Jogo da Velha" */ = {
			isa = XCConfigurationList;
			buildConfigurations = (
				A01CF1001AA2B3E200E1CE49 /* Debug */,
				A01CF1011AA2B3E200E1CE49 /* Release */,
			);
			defaultConfigurationIsVisible = 0;
			defaultConfigurationName = Release;
		};
		A01CF1021AA2B3E200E1CE49 /* Build configuration list for PBXNativeTarget "Jogo da VelhaTests" */ = {
			isa = XCConfigurationList;
			buildConfigurations = (
				A01CF1031AA2B3E200E1CE49 /* Debug */,
				A01CF1041AA2B3E200E1CE49 /* Release */,
			);
			defaultConfigurationIsVisible = 0;
			defaultConfigurationName = Release;
		};
/* End XCConfigurationList section */
	};
	rootObject = A01CF0D41AA2B3E200E1CE49 /* Project object */;
}
